
Microsoft Visual Studio Solution File, Format Version 12.00
# Visual Studio 15
VisualStudioVersion = 15.0.26430.15
MinimumVisualStudioVersion = 10.0.40219.1
Project("{9A19103F-16F7-4668-BE54-9A1E7A4F7556}") = "TypeBridge.Core", "TypeBridge.Core\TypeBridge.Core.csproj", "{4A846A2A-E7A0-493A-80C3-F30239764124}"
EndProject
Project("{2150E333-8FDC-42A3-9474-1A3956D46DE8}") = "Input", "Input", "{E4672102-4551-4AE3-871C-CA9F75D0C949}"
EndProject
Project("{FAE04EC0-301F-11D3-BF4B-00C04F79EFBC}") = "TypeBridge.Input.CSharp", "TypeBridge.Input.CSharp\TypeBridge.Input.CSharp.csproj", "{595533AE-A87D-4017-9D01-7F226C98C537}"
EndProject
Global
	GlobalSection(SolutionConfigurationPlatforms) = preSolution
		Debug|Any CPU = Debug|Any CPU
		Release|Any CPU = Release|Any CPU
	EndGlobalSection
	GlobalSection(ProjectConfigurationPlatforms) = postSolution
		{4A846A2A-E7A0-493A-80C3-F30239764124}.Debug|Any CPU.ActiveCfg = Debug|Any CPU
		{4A846A2A-E7A0-493A-80C3-F30239764124}.Debug|Any CPU.Build.0 = Debug|Any CPU
		{4A846A2A-E7A0-493A-80C3-F30239764124}.Release|Any CPU.ActiveCfg = Release|Any CPU
		{4A846A2A-E7A0-493A-80C3-F30239764124}.Release|Any CPU.Build.0 = Release|Any CPU
		{595533AE-A87D-4017-9D01-7F226C98C537}.Debug|Any CPU.ActiveCfg = Debug|Any CPU
		{595533AE-A87D-4017-9D01-7F226C98C537}.Debug|Any CPU.Build.0 = Debug|Any CPU
		{595533AE-A87D-4017-9D01-7F226C98C537}.Release|Any CPU.ActiveCfg = Release|Any CPU
		{595533AE-A87D-4017-9D01-7F226C98C537}.Release|Any CPU.Build.0 = Release|Any CPU
	EndGlobalSection
	GlobalSection(SolutionProperties) = preSolution
		HideSolutionNode = FALSE
	EndGlobalSection
	GlobalSection(NestedProjects) = preSolution
		{595533AE-A87D-4017-9D01-7F226C98C537} = {E4672102-4551-4AE3-871C-CA9F75D0C949}
	EndGlobalSection
EndGlobal
